
Microsoft Visual Studio Solution File, Format Version 12.00
# Visual Studio Version 17
VisualStudioVersion = 17.11.35219.272
MinimumVisualStudioVersion = 10.0.40219.1
Project("{9A19103F-16F7-4668-BE54-9A1E7A4F7556}") = "process_csv_file", "process_csv_file.csproj", "{47733AC5-0982-48E9-A603-BB5FB9B15D50}"
EndProject
Global
	GlobalSection(SolutionConfigurationPlatforms) = preSolution
		Debug|Any CPU = Debug|Any CPU
		Release|Any CPU = Release|Any CPU
	EndGlobalSection
	GlobalSection(ProjectConfigurationPlatforms) = postSolution
		{47733AC5-0982-48E9-A603-BB5FB9B15D50}.Debug|Any CPU.ActiveCfg = Debug|Any CPU
		{47733AC5-0982-48E9-A603-BB5FB9B15D50}.Debug|Any CPU.Build.0 = Debug|Any CPU
		{47733AC5-0982-48E9-A603-BB5FB9B15D50}.Release|Any CPU.ActiveCfg = Release|Any CPU
		{47733AC5-0982-48E9-A603-BB5FB9B15D50}.Release|Any CPU.Build.0 = Release|Any CPU
	EndGlobalSection
	GlobalSection(SolutionProperties) = preSolution
		HideSolutionNode = FALSE
	EndGlobalSection
	GlobalSection(ExtensibilityGlobals) = postSolution
		SolutionGuid = {653CC93D-09AE-46D1-A9DA-F9F6CBA86A1D}
	EndGlobalSection
EndGlobal
